
Microsoft Visual Studio Solution File, Format Version 12.00
# Visual Studio Version 16
VisualStudioVersion = 16.0.31624.102
MinimumVisualStudioVersion = 10.0.40219.1
Project("{FAE04EC0-301F-11D3-BF4B-00C04F79EFBC}") = "Presentation", "Presentation\Presentation.csproj", "{255E4C4E-6590-405F-88AC-F652E1CA7AE5}"
EndProject
Project("{FAE04EC0-301F-11D3-BF4B-00C04F79EFBC}") = "Domain", "Domain\Domain.csproj", "{7B829C57-1CC3-41B7-BC76-1DF80041E5EA}"
EndProject
Project("{FAE04EC0-301F-11D3-BF4B-00C04F79EFBC}") = "Application", "Application\Application.csproj", "{820768B8-4F33-4CC9-8F75-4985068F6A65}"
EndProject
Global
	GlobalSection(SolutionConfigurationPlatforms) = preSolution
		Debug|Any CPU = Debug|Any CPU
		Release|Any CPU = Release|Any CPU
	EndGlobalSection
	GlobalSection(ProjectConfigurationPlatforms) = postSolution
		{255E4C4E-6590-405F-88AC-F652E1CA7AE5}.Debug|Any CPU.ActiveCfg = Debug|Any CPU
		{255E4C4E-6590-405F-88AC-F652E1CA7AE5}.Debug|Any CPU.Build.0 = Debug|Any CPU
		{255E4C4E-6590-405F-88AC-F652E1CA7AE5}.Release|Any CPU.ActiveCfg = Release|Any CPU
		{255E4C4E-6590-405F-88AC-F652E1CA7AE5}.Release|Any CPU.Build.0 = Release|Any CPU
		{7B829C57-1CC3-41B7-BC76-1DF80041E5EA}.Debug|Any CPU.ActiveCfg = Debug|Any CPU
		{7B829C57-1CC3-41B7-BC76-1DF80041E5EA}.Debug|Any CPU.Build.0 = Debug|Any CPU
		{7B829C57-1CC3-41B7-BC76-1DF80041E5EA}.Release|Any CPU.ActiveCfg = Release|Any CPU
		{7B829C57-1CC3-41B7-BC76-1DF80041E5EA}.Release|Any CPU.Build.0 = Release|Any CPU
		{820768B8-4F33-4CC9-8F75-4985068F6A65}.Debug|Any CPU.ActiveCfg = Debug|Any CPU
		{820768B8-4F33-4CC9-8F75-4985068F6A65}.Debug|Any CPU.Build.0 = Debug|Any CPU
		{820768B8-4F33-4CC9-8F75-4985068F6A65}.Release|Any CPU.ActiveCfg = Release|Any CPU
		{820768B8-4F33-4CC9-8F75-4985068F6A65}.Release|Any CPU.Build.0 = Release|Any CPU
	EndGlobalSection
	GlobalSection(SolutionProperties) = preSolution
		HideSolutionNode = FALSE
	EndGlobalSection
	GlobalSection(ExtensibilityGlobals) = postSolution
		SolutionGuid = {2FC63429-A9C1-4188-B517-8922C89A99E2}
	EndGlobalSection
EndGlobal
